// !$*UTF8*$!
{
	archiveVersion = 1;
	classes = {
	};
	objectVersion = 56;
	objects = {

/* Begin PBXBuildFile section */
		0C7E4CA22C46894E0057BD66 /* AppDelegate.swift in Sources */ = {isa = PBXBuildFile; fileRef = 0C7E4CA12C46894E0057BD66 /* AppDelegate.swift */; };
		0C7E4CA42C46894E0057BD66 /* SceneDelegate.swift in Sources */ = {isa = PBXBuildFile; fileRef = 0C7E4CA32C46894E0057BD66 /* SceneDelegate.swift */; };
		0C7E4CAB2C4689500057BD66 /* Assets.xcassets in Resources */ = {isa = PBXBuildFile; fileRef = 0C7E4CAA2C4689500057BD66 /* Assets.xcassets */; };
		0C7E4CAE2C4689500057BD66 /* Base in Resources */ = {isa = PBXBuildFile; fileRef = 0C7E4CAD2C4689500057BD66 /* Base */; };
		0C7E4CBE2C46A5CF0057BD66 /* BaseViewController.swift in Sources */ = {isa = PBXBuildFile; fileRef = 0C7E4CBD2C46A5CF0057BD66 /* BaseViewController.swift */; };
		0C7E4CC42C46A6C50057BD66 /* MainViewInput.swift in Sources */ = {isa = PBXBuildFile; fileRef = 0C7E4CC32C46A6C50057BD66 /* MainViewInput.swift */; };
		0C7E4CC62C46A6DE0057BD66 /* MainViewController.swift in Sources */ = {isa = PBXBuildFile; fileRef = 0C7E4CC52C46A6DE0057BD66 /* MainViewController.swift */; };
		0C7E4CC92C46A7DE0057BD66 /* MainAssembly.swift in Sources */ = {isa = PBXBuildFile; fileRef = 0C7E4CC82C46A7DE0057BD66 /* MainAssembly.swift */; };
		0C7E4CCB2C46A8160057BD66 /* MainPresenter.swift in Sources */ = {isa = PBXBuildFile; fileRef = 0C7E4CCA2C46A8160057BD66 /* MainPresenter.swift */; };
		0C7E4CD52C46AC390057BD66 /* WeatherMenuCell.swift in Sources */ = {isa = PBXBuildFile; fileRef = 0C7E4CCC2C46AC390057BD66 /* WeatherMenuCell.swift */; };
		0C7E4CD62C46AC390057BD66 /* WeatherMenuView.swift in Sources */ = {isa = PBXBuildFile; fileRef = 0C7E4CCE2C46AC390057BD66 /* WeatherMenuView.swift */; };
		0C7E4CDA2C46AD000057BD66 /* UIView+Ext.swift in Sources */ = {isa = PBXBuildFile; fileRef = 0C7E4CD92C46AD000057BD66 /* UIView+Ext.swift */; };
		0C7E4CDC2C46AD4B0057BD66 /* ReuseIdentifiable.swift in Sources */ = {isa = PBXBuildFile; fileRef = 0C7E4CDB2C46AD4B0057BD66 /* ReuseIdentifiable.swift */; };
		0C7E4CDE2C46AE2C0057BD66 /* String+Ext.swift in Sources */ = {isa = PBXBuildFile; fileRef = 0C7E4CDD2C46AE2C0057BD66 /* String+Ext.swift */; };
		0C7E4CE12C46B01C0057BD66 /* Weather.swift in Sources */ = {isa = PBXBuildFile; fileRef = 0C7E4CE02C46B01C0057BD66 /* Weather.swift */; };
		0CBAD3952C493A1B00F3683D /* Localizable.strings in Resources */ = {isa = PBXBuildFile; fileRef = 0CBAD3932C493A1B00F3683D /* Localizable.strings */; };
		0CBAD3992C4950AC00F3683D /* Router.swift in Sources */ = {isa = PBXBuildFile; fileRef = 0CBAD3982C4950AC00F3683D /* Router.swift */; };
		0CBAD39C2C49522800F3683D /* WeatherService.swift in Sources */ = {isa = PBXBuildFile; fileRef = 0CBAD39B2C49522800F3683D /* WeatherService.swift */; };
		0CD87AC72C47B22900BE8CBC /* WeatherSliderCell.swift in Sources */ = {isa = PBXBuildFile; fileRef = 0CD87AC32C47B22900BE8CBC /* WeatherSliderCell.swift */; };
		0CD87AC82C47B22900BE8CBC /* WeatherSliderView.swift in Sources */ = {isa = PBXBuildFile; fileRef = 0CD87AC52C47B22900BE8CBC /* WeatherSliderView.swift */; };
		0CD87ACA2C47F84100BE8CBC /* SliderCollectionView.swift in Sources */ = {isa = PBXBuildFile; fileRef = 0CD87AC92C47F84100BE8CBC /* SliderCollectionView.swift */; };
		0CD87ACE2C480B2200BE8CBC /* UIColor+Ext.swift in Sources */ = {isa = PBXBuildFile; fileRef = 0CD87ACD2C480B2200BE8CBC /* UIColor+Ext.swift */; };
		0CD87ADA2C4918C200BE8CBC /* LocaleButton.swift in Sources */ = {isa = PBXBuildFile; fileRef = 0CD87AD92C4918C200BE8CBC /* LocaleButton.swift */; };
/* End PBXBuildFile section */

/* Begin PBXFileReference section */
		0C7E4C9E2C46894E0057BD66 /* vk-internship-assignment.app */ = {isa = PBXFileReference; explicitFileType = wrapper.application; includeInIndex = 0; path = "vk-internship-assignment.app"; sourceTree = BUILT_PRODUCTS_DIR; };
		0C7E4CA12C46894E0057BD66 /* AppDelegate.swift */ = {isa = PBXFileReference; lastKnownFileType = sourcecode.swift; path = AppDelegate.swift; sourceTree = "<group>"; };
		0C7E4CA32C46894E0057BD66 /* SceneDelegate.swift */ = {isa = PBXFileReference; lastKnownFileType = sourcecode.swift; path = SceneDelegate.swift; sourceTree = "<group>"; };
		0C7E4CAA2C4689500057BD66 /* Assets.xcassets */ = {isa = PBXFileReference; lastKnownFileType = folder.assetcatalog; path = Assets.xcassets; sourceTree = "<group>"; };
		0C7E4CAD2C4689500057BD66 /* Base */ = {isa = PBXFileReference; lastKnownFileType = file.storyboard; name = Base; path = Base.lproj/LaunchScreen.storyboard; sourceTree = "<group>"; };
		0C7E4CAF2C4689500057BD66 /* Info.plist */ = {isa = PBXFileReference; lastKnownFileType = text.plist.xml; path = Info.plist; sourceTree = "<group>"; };
		0C7E4CBD2C46A5CF0057BD66 /* BaseViewController.swift */ = {isa = PBXFileReference; lastKnownFileType = sourcecode.swift; path = BaseViewController.swift; sourceTree = "<group>"; };
		0C7E4CC32C46A6C50057BD66 /* MainViewInput.swift */ = {isa = PBXFileReference; lastKnownFileType = sourcecode.swift; path = MainViewInput.swift; sourceTree = "<group>"; };
		0C7E4CC52C46A6DE0057BD66 /* MainViewController.swift */ = {isa = PBXFileReference; lastKnownFileType = sourcecode.swift; path = MainViewController.swift; sourceTree = "<group>"; };
		0C7E4CC82C46A7DE0057BD66 /* MainAssembly.swift */ = {isa = PBXFileReference; lastKnownFileType = sourcecode.swift; path = MainAssembly.swift; sourceTree = "<group>"; };
		0C7E4CCA2C46A8160057BD66 /* MainPresenter.swift */ = {isa = PBXFileReference; lastKnownFileType = sourcecode.swift; path = MainPresenter.swift; sourceTree = "<group>"; };
		0C7E4CCC2C46AC390057BD66 /* WeatherMenuCell.swift */ = {isa = PBXFileReference; fileEncoding = 4; lastKnownFileType = sourcecode.swift; path = WeatherMenuCell.swift; sourceTree = "<group>"; };
		0C7E4CCE2C46AC390057BD66 /* WeatherMenuView.swift */ = {isa = PBXFileReference; fileEncoding = 4; lastKnownFileType = sourcecode.swift; path = WeatherMenuView.swift; sourceTree = "<group>"; };
		0C7E4CD92C46AD000057BD66 /* UIView+Ext.swift */ = {isa = PBXFileReference; lastKnownFileType = sourcecode.swift; path = "UIView+Ext.swift"; sourceTree = "<group>"; };
		0C7E4CDB2C46AD4B0057BD66 /* ReuseIdentifiable.swift */ = {isa = PBXFileReference; lastKnownFileType = sourcecode.swift; path = ReuseIdentifiable.swift; sourceTree = "<group>"; };
		0C7E4CDD2C46AE2C0057BD66 /* String+Ext.swift */ = {isa = PBXFileReference; lastKnownFileType = sourcecode.swift; path = "String+Ext.swift"; sourceTree = "<group>"; };
		0C7E4CE02C46B01C0057BD66 /* Weather.swift */ = {isa = PBXFileReference; lastKnownFileType = sourcecode.swift; path = Weather.swift; sourceTree = "<group>"; };
		0CBAD3942C493A1B00F3683D /* en */ = {isa = PBXFileReference; lastKnownFileType = text.plist.strings; name = en; path = en.lproj/Localizable.strings; sourceTree = "<group>"; };
		0CBAD3962C493A2600F3683D /* ru */ = {isa = PBXFileReference; lastKnownFileType = text.plist.strings; name = ru; path = ru.lproj/Localizable.strings; sourceTree = "<group>"; };
		0CBAD3982C4950AC00F3683D /* Router.swift */ = {isa = PBXFileReference; lastKnownFileType = sourcecode.swift; path = Router.swift; sourceTree = "<group>"; };
		0CBAD39B2C49522800F3683D /* WeatherService.swift */ = {isa = PBXFileReference; lastKnownFileType = sourcecode.swift; path = WeatherService.swift; sourceTree = "<group>"; };
		0CD87AC32C47B22900BE8CBC /* WeatherSliderCell.swift */ = {isa = PBXFileReference; fileEncoding = 4; lastKnownFileType = sourcecode.swift; path = WeatherSliderCell.swift; sourceTree = "<group>"; };
		0CD87AC52C47B22900BE8CBC /* WeatherSliderView.swift */ = {isa = PBXFileReference; fileEncoding = 4; lastKnownFileType = sourcecode.swift; path = WeatherSliderView.swift; sourceTree = "<group>"; };
		0CD87AC92C47F84100BE8CBC /* SliderCollectionView.swift */ = {isa = PBXFileReference; lastKnownFileType = sourcecode.swift; path = SliderCollectionView.swift; sourceTree = "<group>"; };
		0CD87ACD2C480B2200BE8CBC /* UIColor+Ext.swift */ = {isa = PBXFileReference; lastKnownFileType = sourcecode.swift; path = "UIColor+Ext.swift"; sourceTree = "<group>"; };
		0CD87AD92C4918C200BE8CBC /* LocaleButton.swift */ = {isa = PBXFileReference; lastKnownFileType = sourcecode.swift; path = LocaleButton.swift; sourceTree = "<group>"; };
/* End PBXFileReference section */

/* Begin PBXFrameworksBuildPhase section */
		0C7E4C9B2C46894E0057BD66 /* Frameworks */ = {
			isa = PBXFrameworksBuildPhase;
			buildActionMask = 2147483647;
			files = (
			);
			runOnlyForDeploymentPostprocessing = 0;
		};
/* End PBXFrameworksBuildPhase section */

/* Begin PBXGroup section */
		0C7E4C952C46894E0057BD66 = {
			isa = PBXGroup;
			children = (
				0C7E4CA02C46894E0057BD66 /* vk-internship-assignment */,
				0C7E4C9F2C46894E0057BD66 /* Products */,
			);
			sourceTree = "<group>";
		};
		0C7E4C9F2C46894E0057BD66 /* Products */ = {
			isa = PBXGroup;
			children = (
				0C7E4C9E2C46894E0057BD66 /* vk-internship-assignment.app */,
			);
			name = Products;
			sourceTree = "<group>";
		};
		0C7E4CA02C46894E0057BD66 /* vk-internship-assignment */ = {
			isa = PBXGroup;
			children = (
				0C7E4CBB2C46A5040057BD66 /* Modules */,
				0C7E4CB72C46A4C90057BD66 /* Library */,
				0C7E4CB52C46A34B0057BD66 /* App */,
			);
			path = "vk-internship-assignment";
			sourceTree = "<group>";
		};
		0C7E4CB52C46A34B0057BD66 /* App */ = {
			isa = PBXGroup;
			children = (
				0CBAD3932C493A1B00F3683D /* Localizable.strings */,
				0C7E4CAF2C4689500057BD66 /* Info.plist */,
				0C7E4CAC2C4689500057BD66 /* LaunchScreen.storyboard */,
				0C7E4CAA2C4689500057BD66 /* Assets.xcassets */,
				0C7E4CA12C46894E0057BD66 /* AppDelegate.swift */,
				0C7E4CA32C46894E0057BD66 /* SceneDelegate.swift */,
			);
			path = App;
			sourceTree = "<group>";
		};
		0C7E4CB72C46A4C90057BD66 /* Library */ = {
			isa = PBXGroup;
			children = (
				0C7E4CBA2C46A4F40057BD66 /* Utils */,
				0C7E4CB92C46A4E70057BD66 /* UIComponents */,
				0C7E4CB82C46A4D50057BD66 /* Presentation */,
			);
			path = Library;
			sourceTree = "<group>";
		};
		0C7E4CB82C46A4D50057BD66 /* Presentation */ = {
			isa = PBXGroup;
			children = (
				0C7E4CBD2C46A5CF0057BD66 /* BaseViewController.swift */,
			);
			path = Presentation;
			sourceTree = "<group>";
		};
		0C7E4CB92C46A4E70057BD66 /* UIComponents */ = {
			isa = PBXGroup;
			children = (
				0CD87AC92C47F84100BE8CBC /* SliderCollectionView.swift */,
			);
			path = UIComponents;
			sourceTree = "<group>";
		};
		0C7E4CBA2C46A4F40057BD66 /* Utils */ = {
			isa = PBXGroup;
			children = (
				0C7E4CD92C46AD000057BD66 /* UIView+Ext.swift */,
				0C7E4CDB2C46AD4B0057BD66 /* ReuseIdentifiable.swift */,
				0C7E4CDD2C46AE2C0057BD66 /* String+Ext.swift */,
				0CD87ACD2C480B2200BE8CBC /* UIColor+Ext.swift */,
			);
			path = Utils;
			sourceTree = "<group>";
		};
		0C7E4CBB2C46A5040057BD66 /* Modules */ = {
			isa = PBXGroup;
			children = (
				0C7E4CBC2C46A5260057BD66 /* Main */,
			);
			path = Modules;
			sourceTree = "<group>";
		};
		0C7E4CBC2C46A5260057BD66 /* Main */ = {
			isa = PBXGroup;
			children = (
				0CBAD39A2C49521F00F3683D /* Services */,
				0CBAD3972C4950A500F3683D /* Router */,
				0C7E4CDF2C46AFFD0057BD66 /* Models */,
				0C7E4CC72C46A7D10057BD66 /* Assembly */,
				0C7E4CC02C46A69A0057BD66 /* View */,
				0C7E4CBF2C46A6930057BD66 /* Presenter */,
			);
			path = Main;
			sourceTree = "<group>";
		};
		0C7E4CBF2C46A6930057BD66 /* Presenter */ = {
			isa = PBXGroup;
			children = (
				0C7E4CCA2C46A8160057BD66 /* MainPresenter.swift */,
			);
			path = Presenter;
			sourceTree = "<group>";
		};
		0C7E4CC02C46A69A0057BD66 /* View */ = {
			isa = PBXGroup;
			children = (
				0CD87AC62C47B22900BE8CBC /* WeatherSlider */,
				0C7E4CD02C46AC390057BD66 /* WeatherMenu */,
				0C7E4CC32C46A6C50057BD66 /* MainViewInput.swift */,
				0C7E4CC52C46A6DE0057BD66 /* MainViewController.swift */,
			);
			path = View;
			sourceTree = "<group>";
		};
		0C7E4CC72C46A7D10057BD66 /* Assembly */ = {
			isa = PBXGroup;
			children = (
				0C7E4CC82C46A7DE0057BD66 /* MainAssembly.swift */,
			);
			path = Assembly;
			sourceTree = "<group>";
		};
		0C7E4CCD2C46AC390057BD66 /* Cell */ = {
			isa = PBXGroup;
			children = (
				0C7E4CCC2C46AC390057BD66 /* WeatherMenuCell.swift */,
			);
			path = Cell;
			sourceTree = "<group>";
		};
		0C7E4CD02C46AC390057BD66 /* WeatherMenu */ = {
			isa = PBXGroup;
			children = (
				0C7E4CCD2C46AC390057BD66 /* Cell */,
				0C7E4CCE2C46AC390057BD66 /* WeatherMenuView.swift */,
				0CD87AD92C4918C200BE8CBC /* LocaleButton.swift */,
			);
			path = WeatherMenu;
			sourceTree = "<group>";
		};
		0C7E4CDF2C46AFFD0057BD66 /* Models */ = {
			isa = PBXGroup;
			children = (
				0C7E4CE02C46B01C0057BD66 /* Weather.swift */,
			);
			path = Models;
			sourceTree = "<group>";
		};
		0CBAD3972C4950A500F3683D /* Router */ = {
			isa = PBXGroup;
			children = (
				0CBAD3982C4950AC00F3683D /* Router.swift */,
			);
			path = Router;
			sourceTree = "<group>";
		};
		0CBAD39A2C49521F00F3683D /* Services */ = {
			isa = PBXGroup;
			children = (
				0CBAD39B2C49522800F3683D /* WeatherService.swift */,
			);
			path = Services;
			sourceTree = "<group>";
		};
		0CD87AC42C47B22900BE8CBC /* Cell */ = {
			isa = PBXGroup;
			children = (
				0CD87AC32C47B22900BE8CBC /* WeatherSliderCell.swift */,
			);
			path = Cell;
			sourceTree = "<group>";
		};
		0CD87AC62C47B22900BE8CBC /* WeatherSlider */ = {
			isa = PBXGroup;
			children = (
				0CD87AC42C47B22900BE8CBC /* Cell */,
				0CD87AC52C47B22900BE8CBC /* WeatherSliderView.swift */,
			);
			path = WeatherSlider;
			sourceTree = "<group>";
		};
/* End PBXGroup section */

/* Begin PBXNativeTarget section */
		0C7E4C9D2C46894E0057BD66 /* vk-internship-assignment */ = {
			isa = PBXNativeTarget;
			buildConfigurationList = 0C7E4CB22C4689500057BD66 /* Build configuration list for PBXNativeTarget "vk-internship-assignment" */;
			buildPhases = (
				0C7E4C9A2C46894E0057BD66 /* Sources */,
				0C7E4C9B2C46894E0057BD66 /* Frameworks */,
				0C7E4C9C2C46894E0057BD66 /* Resources */,
				0C7E4CB62C46A3C60057BD66 /* ShellScript */,
			);
			buildRules = (
			);
			dependencies = (
			);
			name = "vk-internship-assignment";
			productName = "vk-internship-assignment";
			productReference = 0C7E4C9E2C46894E0057BD66 /* vk-internship-assignment.app */;
			productType = "com.apple.product-type.application";
		};
/* End PBXNativeTarget section */

/* Begin PBXProject section */
		0C7E4C962C46894E0057BD66 /* Project object */ = {
			isa = PBXProject;
			attributes = {
				BuildIndependentTargetsInParallel = 1;
				LastSwiftUpdateCheck = 1540;
				LastUpgradeCheck = 1540;
				TargetAttributes = {
					0C7E4C9D2C46894E0057BD66 = {
						CreatedOnToolsVersion = 15.4;
					};
				};
			};
			buildConfigurationList = 0C7E4C992C46894E0057BD66 /* Build configuration list for PBXProject "vk-internship-assignment" */;
			compatibilityVersion = "Xcode 14.0";
			developmentRegion = en;
			hasScannedForEncodings = 0;
			knownRegions = (
				en,
				Base,
				ru,
			);
			mainGroup = 0C7E4C952C46894E0057BD66;
			productRefGroup = 0C7E4C9F2C46894E0057BD66 /* Products */;
			projectDirPath = "";
			projectRoot = "";
			targets = (
				0C7E4C9D2C46894E0057BD66 /* vk-internship-assignment */,
			);
		};
/* End PBXProject section */

/* Begin PBXResourcesBuildPhase section */
		0C7E4C9C2C46894E0057BD66 /* Resources */ = {
			isa = PBXResourcesBuildPhase;
			buildActionMask = 2147483647;
			files = (
				0C7E4CAB2C4689500057BD66 /* Assets.xcassets in Resources */,
				0CBAD3952C493A1B00F3683D /* Localizable.strings in Resources */,
				0C7E4CAE2C4689500057BD66 /* Base in Resources */,
			);
			runOnlyForDeploymentPostprocessing = 0;
		};
/* End PBXResourcesBuildPhase section */

/* Begin PBXShellScriptBuildPhase section */
		0C7E4CB62C46A3C60057BD66 /* ShellScript */ = {
			isa = PBXShellScriptBuildPhase;
			alwaysOutOfDate = 1;
			buildActionMask = 12;
			files = (
			);
			inputFileListPaths = (
			);
			inputPaths = (
			);
			outputFileListPaths = (
			);
			outputPaths = (
			);
			runOnlyForDeploymentPostprocessing = 0;
			shellPath = /bin/sh;
			shellScript = "if [[ \"$(uname -m)\" == arm64 ]]; then\n    export PATH=\"/opt/homebrew/bin:$PATH\"\nfi\n\nif which swiftlint > /dev/null; then\n  swiftlint\nelse\n  echo \"warning: SwiftLint not installed, download from https://github.com/realm/SwiftLint\"\nfi\n";
		};
/* End PBXShellScriptBuildPhase section */

/* Begin PBXSourcesBuildPhase section */
		0C7E4C9A2C46894E0057BD66 /* Sources */ = {
			isa = PBXSourcesBuildPhase;
			buildActionMask = 2147483647;
			files = (
				0CBAD39C2C49522800F3683D /* WeatherService.swift in Sources */,
				0C7E4CC42C46A6C50057BD66 /* MainViewInput.swift in Sources */,
				0C7E4CDC2C46AD4B0057BD66 /* ReuseIdentifiable.swift in Sources */,
				0CD87ACA2C47F84100BE8CBC /* SliderCollectionView.swift in Sources */,
				0C7E4CC92C46A7DE0057BD66 /* MainAssembly.swift in Sources */,
				0CD87AC72C47B22900BE8CBC /* WeatherSliderCell.swift in Sources */,
				0CD87ADA2C4918C200BE8CBC /* LocaleButton.swift in Sources */,
				0C7E4CDA2C46AD000057BD66 /* UIView+Ext.swift in Sources */,
				0CD87ACE2C480B2200BE8CBC /* UIColor+Ext.swift in Sources */,
				0C7E4CCB2C46A8160057BD66 /* MainPresenter.swift in Sources */,
				0C7E4CD52C46AC390057BD66 /* WeatherMenuCell.swift in Sources */,
				0C7E4CDE2C46AE2C0057BD66 /* String+Ext.swift in Sources */,
				0C7E4CD62C46AC390057BD66 /* WeatherMenuView.swift in Sources */,
				0C7E4CBE2C46A5CF0057BD66 /* BaseViewController.swift in Sources */,
				0C7E4CC62C46A6DE0057BD66 /* MainViewController.swift in Sources */,
				0C7E4CE12C46B01C0057BD66 /* Weather.swift in Sources */,
				0C7E4CA22C46894E0057BD66 /* AppDelegate.swift in Sources */,
				0C7E4CA42C46894E0057BD66 /* SceneDelegate.swift in Sources */,
				0CBAD3992C4950AC00F3683D /* Router.swift in Sources */,
				0CD87AC82C47B22900BE8CBC /* WeatherSliderView.swift in Sources */,
			);
			runOnlyForDeploymentPostprocessing = 0;
		};
/* End PBXSourcesBuildPhase section */

/* Begin PBXVariantGroup section */
		0C7E4CAC2C4689500057BD66 /* LaunchScreen.storyboard */ = {
			isa = PBXVariantGroup;
			children = (
				0C7E4CAD2C4689500057BD66 /* Base */,
			);
			name = LaunchScreen.storyboard;
			sourceTree = "<group>";
		};
		0CBAD3932C493A1B00F3683D /* Localizable.strings */ = {
			isa = PBXVariantGroup;
			children = (
				0CBAD3942C493A1B00F3683D /* en */,
				0CBAD3962C493A2600F3683D /* ru */,
			);
			name = Localizable.strings;
			sourceTree = "<group>";
		};
/* End PBXVariantGroup section */

/* Begin XCBuildConfiguration section */
		0C7E4CB02C4689500057BD66 /* Debug */ = {
			isa = XCBuildConfiguration;
			buildSettings = {
				ALWAYS_SEARCH_USER_PATHS = NO;
				ASSETCATALOG_COMPILER_GENERATE_SWIFT_ASSET_SYMBOL_EXTENSIONS = YES;
				CLANG_ANALYZER_LOCALIZABILITY_NONLOCALIZED = YES;
				CLANG_ANALYZER_NONNULL = YES;
				CLANG_ANALYZER_NUMBER_OBJECT_CONVERSION = YES_AGGRESSIVE;
				CLANG_CXX_LANGUAGE_STANDARD = "gnu++20";
				CLANG_ENABLE_MODULES = YES;
				CLANG_ENABLE_OBJC_ARC = YES;
				CLANG_ENABLE_OBJC_WEAK = YES;
				CLANG_WARN_BLOCK_CAPTURE_AUTORELEASING = YES;
				CLANG_WARN_BOOL_CONVERSION = YES;
				CLANG_WARN_COMMA = YES;
				CLANG_WARN_CONSTANT_CONVERSION = YES;
				CLANG_WARN_DEPRECATED_OBJC_IMPLEMENTATIONS = YES;
				CLANG_WARN_DIRECT_OBJC_ISA_USAGE = YES_ERROR;
				CLANG_WARN_DOCUMENTATION_COMMENTS = YES;
				CLANG_WARN_EMPTY_BODY = YES;
				CLANG_WARN_ENUM_CONVERSION = YES;
				CLANG_WARN_INFINITE_RECURSION = YES;
				CLANG_WARN_INT_CONVERSION = YES;
				CLANG_WARN_NON_LITERAL_NULL_CONVERSION = YES;
				CLANG_WARN_OBJC_IMPLICIT_RETAIN_SELF = YES;
				CLANG_WARN_OBJC_LITERAL_CONVERSION = YES;
				CLANG_WARN_OBJC_ROOT_CLASS = YES_ERROR;
				CLANG_WARN_QUOTED_INCLUDE_IN_FRAMEWORK_HEADER = YES;
				CLANG_WARN_RANGE_LOOP_ANALYSIS = YES;
				CLANG_WARN_STRICT_PROTOTYPES = YES;
				CLANG_WARN_SUSPICIOUS_MOVE = YES;
				CLANG_WARN_UNGUARDED_AVAILABILITY = YES_AGGRESSIVE;
				CLANG_WARN_UNREACHABLE_CODE = YES;
				CLANG_WARN__DUPLICATE_METHOD_MATCH = YES;
				COPY_PHASE_STRIP = NO;
				DEBUG_INFORMATION_FORMAT = dwarf;
				ENABLE_STRICT_OBJC_MSGSEND = YES;
				ENABLE_TESTABILITY = YES;
				ENABLE_USER_SCRIPT_SANDBOXING = NO;
				GCC_C_LANGUAGE_STANDARD = gnu17;
				GCC_DYNAMIC_NO_PIC = NO;
				GCC_NO_COMMON_BLOCKS = YES;
				GCC_OPTIMIZATION_LEVEL = 0;
				GCC_PREPROCESSOR_DEFINITIONS = (
					"DEBUG=1",
					"$(inherited)",
				);
				GCC_WARN_64_TO_32_BIT_CONVERSION = YES;
				GCC_WARN_ABOUT_RETURN_TYPE = YES_ERROR;
				GCC_WARN_UNDECLARED_SELECTOR = YES;
				GCC_WARN_UNINITIALIZED_AUTOS = YES_AGGRESSIVE;
				GCC_WARN_UNUSED_FUNCTION = YES;
				GCC_WARN_UNUSED_VARIABLE = YES;
				IPHONEOS_DEPLOYMENT_TARGET = 14.0;
				LOCALIZATION_PREFERS_STRING_CATALOGS = YES;
				MTL_ENABLE_DEBUG_INFO = INCLUDE_SOURCE;
				MTL_FAST_MATH = YES;
				ONLY_ACTIVE_ARCH = YES;
				SDKROOT = iphoneos;
				SWIFT_ACTIVE_COMPILATION_CONDITIONS = "DEBUG $(inherited)";
				SWIFT_OPTIMIZATION_LEVEL = "-Onone";
			};
			name = Debug;
		};
		0C7E4CB12C4689500057BD66 /* Release */ = {
			isa = XCBuildConfiguration;
			buildSettings = {
				ALWAYS_SEARCH_USER_PATHS = NO;
				ASSETCATALOG_COMPILER_GENERATE_SWIFT_ASSET_SYMBOL_EXTENSIONS = YES;
				CLANG_ANALYZER_LOCALIZABILITY_NONLOCALIZED = YES;
				CLANG_ANALYZER_NONNULL = YES;
				CLANG_ANALYZER_NUMBER_OBJECT_CONVERSION = YES_AGGRESSIVE;
				CLANG_CXX_LANGUAGE_STANDARD = "gnu++20";
				CLANG_ENABLE_MODULES = YES;
				CLANG_ENABLE_OBJC_ARC = YES;
				CLANG_ENABLE_OBJC_WEAK = YES;
				CLANG_WARN_BLOCK_CAPTURE_AUTORELEASING = YES;
				CLANG_WARN_BOOL_CONVERSION = YES;
				CLANG_WARN_COMMA = YES;
				CLANG_WARN_CONSTANT_CONVERSION = YES;
				CLANG_WARN_DEPRECATED_OBJC_IMPLEMENTATIONS = YES;
				CLANG_WARN_DIRECT_OBJC_ISA_USAGE = YES_ERROR;
				CLANG_WARN_DOCUMENTATION_COMMENTS = YES;
				CLANG_WARN_EMPTY_BODY = YES;
				CLANG_WARN_ENUM_CONVERSION = YES;
				CLANG_WARN_INFINITE_RECURSION = YES;
				CLANG_WARN_INT_CONVERSION = YES;
				CLANG_WARN_NON_LITERAL_NULL_CONVERSION = YES;
				CLANG_WARN_OBJC_IMPLICIT_RETAIN_SELF = YES;
				CLANG_WARN_OBJC_LITERAL_CONVERSION = YES;
				CLANG_WARN_OBJC_ROOT_CLASS = YES_ERROR;
				CLANG_WARN_QUOTED_INCLUDE_IN_FRAMEWORK_HEADER = YES;
				CLANG_WARN_RANGE_LOOP_ANALYSIS = YES;
				CLANG_WARN_STRICT_PROTOTYPES = YES;
				CLANG_WARN_SUSPICIOUS_MOVE = YES;
				CLANG_WARN_UNGUARDED_AVAILABILITY = YES_AGGRESSIVE;
				CLANG_WARN_UNREACHABLE_CODE = YES;
				CLANG_WARN__DUPLICATE_METHOD_MATCH = YES;
				COPY_PHASE_STRIP = NO;
				DEBUG_INFORMATION_FORMAT = "dwarf-with-dsym";
				ENABLE_NS_ASSERTIONS = NO;
				ENABLE_STRICT_OBJC_MSGSEND = YES;
				ENABLE_USER_SCRIPT_SANDBOXING = NO;
				GCC_C_LANGUAGE_STANDARD = gnu17;
				GCC_NO_COMMON_BLOCKS = YES;
				GCC_WARN_64_TO_32_BIT_CONVERSION = YES;
				GCC_WARN_ABOUT_RETURN_TYPE = YES_ERROR;
				GCC_WARN_UNDECLARED_SELECTOR = YES;
				GCC_WARN_UNINITIALIZED_AUTOS = YES_AGGRESSIVE;
				GCC_WARN_UNUSED_FUNCTION = YES;
				GCC_WARN_UNUSED_VARIABLE = YES;
				IPHONEOS_DEPLOYMENT_TARGET = 14.0;
				LOCALIZATION_PREFERS_STRING_CATALOGS = YES;
				MTL_ENABLE_DEBUG_INFO = NO;
				MTL_FAST_MATH = YES;
				SDKROOT = iphoneos;
				SWIFT_COMPILATION_MODE = wholemodule;
				VALIDATE_PRODUCT = YES;
			};
			name = Release;
		};
		0C7E4CB32C4689500057BD66 /* Debug */ = {
			isa = XCBuildConfiguration;
			buildSettings = {
				ASSETCATALOG_COMPILER_APPICON_NAME = AppIcon;
				ASSETCATALOG_COMPILER_GLOBAL_ACCENT_COLOR_NAME = AccentColor;
				CODE_SIGN_STYLE = Automatic;
				CURRENT_PROJECT_VERSION = 1;
				DEVELOPMENT_TEAM = 4YYVSHC6RN;
				GENERATE_INFOPLIST_FILE = YES;
				INFOPLIST_FILE = "vk-internship-assignment/App/Info.plist";
				INFOPLIST_KEY_UIApplicationSupportsIndirectInputEvents = YES;
				INFOPLIST_KEY_UILaunchStoryboardName = LaunchScreen;
				INFOPLIST_KEY_UIStatusBarStyle = UIStatusBarStyleDarkContent;
				INFOPLIST_KEY_UISupportedInterfaceOrientations = UIInterfaceOrientationPortrait;
				INFOPLIST_KEY_UISupportedInterfaceOrientations_iPad = "UIInterfaceOrientationLandscapeLeft UIInterfaceOrientationLandscapeRight UIInterfaceOrientationPortrait UIInterfaceOrientationPortraitUpsideDown";
				IPHONEOS_DEPLOYMENT_TARGET = 14.0;
				LD_RUNPATH_SEARCH_PATHS = (
					"$(inherited)",
					"@executable_path/Frameworks",
				);
				MARKETING_VERSION = 1.0;
				PRODUCT_BUNDLE_IDENTIFIER = "io.atebenkov.vk-internship-assignment";
				PRODUCT_NAME = "$(TARGET_NAME)";
				SUPPORTED_PLATFORMS = "iphoneos iphonesimulator";
				SUPPORTS_MACCATALYST = NO;
				SUPPORTS_MAC_DESIGNED_FOR_IPHONE_IPAD = NO;
				SUPPORTS_XR_DESIGNED_FOR_IPHONE_IPAD = NO;
				SWIFT_EMIT_LOC_STRINGS = YES;
				SWIFT_VERSION = 5.0;
				TARGETED_DEVICE_FAMILY = 1;
			};
			name = Debug;
		};
		0C7E4CB42C4689500057BD66 /* Release */ = {
			isa = XCBuildConfiguration;
			buildSettings = {
				ASSETCATALOG_COMPILER_APPICON_NAME = AppIcon;
				ASSETCATALOG_COMPILER_GLOBAL_ACCENT_COLOR_NAME = AccentColor;
				CODE_SIGN_STYLE = Automatic;
				CURRENT_PROJECT_VERSION = 1;
				DEVELOPMENT_TEAM = 4YYVSHC6RN;
				GENERATE_INFOPLIST_FILE = YES;
				INFOPLIST_FILE = "vk-internship-assignment/App/Info.plist";
				INFOPLIST_KEY_UIApplicationSupportsIndirectInputEvents = YES;
				INFOPLIST_KEY_UILaunchStoryboardName = LaunchScreen;
				INFOPLIST_KEY_UIStatusBarStyle = UIStatusBarStyleDarkContent;
				INFOPLIST_KEY_UISupportedInterfaceOrientations = UIInterfaceOrientationPortrait;
				INFOPLIST_KEY_UISupportedInterfaceOrientations_iPad = "UIInterfaceOrientationLandscapeLeft UIInterfaceOrientationLandscapeRight UIInterfaceOrientationPortrait UIInterfaceOrientationPortraitUpsideDown";
				IPHONEOS_DEPLOYMENT_TARGET = 14.0;
				LD_RUNPATH_SEARCH_PATHS = (
					"$(inherited)",
					"@executable_path/Frameworks",
				);
				MARKETING_VERSION = 1.0;
				PRODUCT_BUNDLE_IDENTIFIER = "io.atebenkov.vk-internship-assignment";
				PRODUCT_NAME = "$(TARGET_NAME)";
				SUPPORTED_PLATFORMS = "iphoneos iphonesimulator";
				SUPPORTS_MACCATALYST = NO;
				SUPPORTS_MAC_DESIGNED_FOR_IPHONE_IPAD = NO;
				SUPPORTS_XR_DESIGNED_FOR_IPHONE_IPAD = NO;
				SWIFT_EMIT_LOC_STRINGS = YES;
				SWIFT_VERSION = 5.0;
				TARGETED_DEVICE_FAMILY = 1;
			};
			name = Release;
		};
/* End XCBuildConfiguration section */

/* Begin XCConfigurationList section */
		0C7E4C992C46894E0057BD66 /* Build configuration list for PBXProject "vk-internship-assignment" */ = {
			isa = XCConfigurationList;
			buildConfigurations = (
				0C7E4CB02C4689500057BD66 /* Debug */,
				0C7E4CB12C4689500057BD66 /* Release */,
			);
			defaultConfigurationIsVisible = 0;
			defaultConfigurationName = Release;
		};
		0C7E4CB22C4689500057BD66 /* Build configuration list for PBXNativeTarget "vk-internship-assignment" */ = {
			isa = XCConfigurationList;
			buildConfigurations = (
				0C7E4CB32C4689500057BD66 /* Debug */,
				0C7E4CB42C4689500057BD66 /* Release */,
			);
			defaultConfigurationIsVisible = 0;
			defaultConfigurationName = Release;
		};
/* End XCConfigurationList section */
	};
	rootObject = 0C7E4C962C46894E0057BD66 /* Project object */;
}
